
Microsoft Visual Studio Solution File, Format Version 12.00
# Visual Studio Version 16
VisualStudioVersion = 16.0.28803.202
MinimumVisualStudioVersion = 10.0.40219.1
Project("{FAE04EC0-301F-11D3-BF4B-00C04F79EFBC}") = "JsonPract", "JsonPract\JsonPract.csproj", "{B40FDD59-A92F-4FB0-AEF5-DFD5D265BE37}"
EndProject
Global
	GlobalSection(SolutionConfigurationPlatforms) = preSolution
		Debug|Any CPU = Debug|Any CPU
		Release|Any CPU = Release|Any CPU
	EndGlobalSection
	GlobalSection(ProjectConfigurationPlatforms) = postSolution
		{B40FDD59-A92F-4FB0-AEF5-DFD5D265BE37}.Debug|Any CPU.ActiveCfg = Debug|Any CPU
		{B40FDD59-A92F-4FB0-AEF5-DFD5D265BE37}.Debug|Any CPU.Build.0 = Debug|Any CPU
		{B40FDD59-A92F-4FB0-AEF5-DFD5D265BE37}.Release|Any CPU.ActiveCfg = Release|Any CPU
		{B40FDD59-A92F-4FB0-AEF5-DFD5D265BE37}.Release|Any CPU.Build.0 = Release|Any CPU
	EndGlobalSection
	GlobalSection(SolutionProperties) = preSolution
		HideSolutionNode = FALSE
	EndGlobalSection
	GlobalSection(ExtensibilityGlobals) = postSolution
		SolutionGuid = {2E2882CF-1C56-4B08-9F6E-BF01638EC5EC}
	EndGlobalSection
EndGlobal
